
Microsoft Visual Studio Solution File, Format Version 12.00
# Visual Studio Version 16
VisualStudioVersion = 16.0.31911.196
MinimumVisualStudioVersion = 10.0.40219.1
Project("{FAE04EC0-301F-11D3-BF4B-00C04F79EFBC}") = "Project_Keyboard", "Project_Keyboard\Project_Keyboard.csproj", "{43B4316E-D68D-4494-ADB4-6C33502F8F5C}"
EndProject
Global
	GlobalSection(SolutionConfigurationPlatforms) = preSolution
		Debug|Any CPU = Debug|Any CPU
		Release|Any CPU = Release|Any CPU
	EndGlobalSection
	GlobalSection(ProjectConfigurationPlatforms) = postSolution
		{43B4316E-D68D-4494-ADB4-6C33502F8F5C}.Debug|Any CPU.ActiveCfg = Debug|Any CPU
		{43B4316E-D68D-4494-ADB4-6C33502F8F5C}.Debug|Any CPU.Build.0 = Debug|Any CPU
		{43B4316E-D68D-4494-ADB4-6C33502F8F5C}.Release|Any CPU.ActiveCfg = Release|Any CPU
		{43B4316E-D68D-4494-ADB4-6C33502F8F5C}.Release|Any CPU.Build.0 = Release|Any CPU
	EndGlobalSection
	GlobalSection(SolutionProperties) = preSolution
		HideSolutionNode = FALSE
	EndGlobalSection
	GlobalSection(ExtensibilityGlobals) = postSolution
		SolutionGuid = {FA58709E-80F0-43E8-97B9-1E1226175BA2}
	EndGlobalSection
EndGlobal
